
Microsoft Visual Studio Solution File, Format Version 12.00
# Visual Studio Version 17
VisualStudioVersion = 17.8.34309.116
MinimumVisualStudioVersion = 10.0.40219.1
Project("{FAE04EC0-301F-11D3-BF4B-00C04F79EFBC}") = "gitapp", "gitapp\gitapp.csproj", "{011332E1-4969-4C06-B693-855D0D6A8434}"
EndProject
Global
	GlobalSection(SolutionConfigurationPlatforms) = preSolution
		Debug|Any CPU = Debug|Any CPU
		Release|Any CPU = Release|Any CPU
	EndGlobalSection
	GlobalSection(ProjectConfigurationPlatforms) = postSolution
		{011332E1-4969-4C06-B693-855D0D6A8434}.Debug|Any CPU.ActiveCfg = Debug|Any CPU
		{011332E1-4969-4C06-B693-855D0D6A8434}.Debug|Any CPU.Build.0 = Debug|Any CPU
		{011332E1-4969-4C06-B693-855D0D6A8434}.Release|Any CPU.ActiveCfg = Release|Any CPU
		{011332E1-4969-4C06-B693-855D0D6A8434}.Release|Any CPU.Build.0 = Release|Any CPU
	EndGlobalSection
	GlobalSection(SolutionProperties) = preSolution
		HideSolutionNode = FALSE
	EndGlobalSection
	GlobalSection(ExtensibilityGlobals) = postSolution
		SolutionGuid = {162F7AC3-63FB-47CB-B376-46DAE18E48A7}
	EndGlobalSection
EndGlobal
